// !$*UTF8*$!
{
	archiveVersion = 1;
	classes = {
	};
	objectVersion = 56;
	objects = {

/* Begin PBXBuildFile section */
		CB80E18A2A36EE2F00E58C21 /* IssueManagmentApp.swift in Sources */ = {isa = PBXBuildFile; fileRef = CB80E1892A36EE2F00E58C21 /* IssueManagmentApp.swift */; };
		CB80E18C2A36EE2F00E58C21 /* ContentView.swift in Sources */ = {isa = PBXBuildFile; fileRef = CB80E18B2A36EE2F00E58C21 /* ContentView.swift */; };
		CB80E18E2A36EE3500E58C21 /* Assets.xcassets in Resources */ = {isa = PBXBuildFile; fileRef = CB80E18D2A36EE3500E58C21 /* Assets.xcassets */; };
		CB80E1912A36EE3500E58C21 /* Preview Assets.xcassets in Resources */ = {isa = PBXBuildFile; fileRef = CB80E1902A36EE3500E58C21 /* Preview Assets.xcassets */; };
		CB80E1932A36EE3500E58C21 /* Persistence.swift in Sources */ = {isa = PBXBuildFile; fileRef = CB80E1922A36EE3500E58C21 /* Persistence.swift */; };
		CB80E1962A36EE3500E58C21 /* IssueManagment.xcdatamodeld in Sources */ = {isa = PBXBuildFile; fileRef = CB80E1942A36EE3500E58C21 /* IssueManagment.xcdatamodeld */; };
		CB80E1A02A36EE3600E58C21 /* IssueManagmentTests.swift in Sources */ = {isa = PBXBuildFile; fileRef = CB80E19F2A36EE3600E58C21 /* IssueManagmentTests.swift */; };
		CB80E1AA2A36EE3600E58C21 /* IssueManagmentUITests.swift in Sources */ = {isa = PBXBuildFile; fileRef = CB80E1A92A36EE3600E58C21 /* IssueManagmentUITests.swift */; };
		CB80E1AC2A36EE3600E58C21 /* IssueManagmentUITestsLaunchTests.swift in Sources */ = {isa = PBXBuildFile; fileRef = CB80E1AB2A36EE3600E58C21 /* IssueManagmentUITestsLaunchTests.swift */; };
		CB8493332A3AD83F007C2A2E /* IEntity+CoreDataClass.swift in Sources */ = {isa = PBXBuildFile; fileRef = CB84932F2A3AD83F007C2A2E /* IEntity+CoreDataClass.swift */; };
		CB8493342A3AD83F007C2A2E /* IEntity+CoreDataProperties.swift in Sources */ = {isa = PBXBuildFile; fileRef = CB8493302A3AD83F007C2A2E /* IEntity+CoreDataProperties.swift */; };
		CB8493372A3B3BB7007C2A2E /* UsersEntity+CoreDataClass.swift in Sources */ = {isa = PBXBuildFile; fileRef = CB8493352A3B3BB7007C2A2E /* UsersEntity+CoreDataClass.swift */; };
		CB8493382A3B3BB7007C2A2E /* UsersEntity+CoreDataProperties.swift in Sources */ = {isa = PBXBuildFile; fileRef = CB8493362A3B3BB7007C2A2E /* UsersEntity+CoreDataProperties.swift */; };
		CB84933B2A3B49EA007C2A2E /* Localizable.strings in Resources */ = {isa = PBXBuildFile; fileRef = CB84933D2A3B49EA007C2A2E /* Localizable.strings */; };
/* End PBXBuildFile section */

/* Begin PBXContainerItemProxy section */
		CB80E19C2A36EE3600E58C21 /* PBXContainerItemProxy */ = {
			isa = PBXContainerItemProxy;
			containerPortal = CB80E17E2A36EE2F00E58C21 /* Project object */;
			proxyType = 1;
			remoteGlobalIDString = CB80E1852A36EE2F00E58C21;
			remoteInfo = IssueManagment;
		};
		CB80E1A62A36EE3600E58C21 /* PBXContainerItemProxy */ = {
			isa = PBXContainerItemProxy;
			containerPortal = CB80E17E2A36EE2F00E58C21 /* Project object */;
			proxyType = 1;
			remoteGlobalIDString = CB80E1852A36EE2F00E58C21;
			remoteInfo = IssueManagment;
		};
/* End PBXContainerItemProxy section */

/* Begin PBXFileReference section */
		CB80E1862A36EE2F00E58C21 /* IssueManagment.app */ = {isa = PBXFileReference; explicitFileType = wrapper.application; includeInIndex = 0; path = IssueManagment.app; sourceTree = BUILT_PRODUCTS_DIR; };
		CB80E1892A36EE2F00E58C21 /* IssueManagmentApp.swift */ = {isa = PBXFileReference; lastKnownFileType = sourcecode.swift; path = IssueManagmentApp.swift; sourceTree = "<group>"; };
		CB80E18B2A36EE2F00E58C21 /* ContentView.swift */ = {isa = PBXFileReference; lastKnownFileType = sourcecode.swift; path = ContentView.swift; sourceTree = "<group>"; };
		CB80E18D2A36EE3500E58C21 /* Assets.xcassets */ = {isa = PBXFileReference; lastKnownFileType = folder.assetcatalog; path = Assets.xcassets; sourceTree = "<group>"; };
		CB80E1902A36EE3500E58C21 /* Preview Assets.xcassets */ = {isa = PBXFileReference; lastKnownFileType = folder.assetcatalog; path = "Preview Assets.xcassets"; sourceTree = "<group>"; };
		CB80E1922A36EE3500E58C21 /* Persistence.swift */ = {isa = PBXFileReference; lastKnownFileType = sourcecode.swift; path = Persistence.swift; sourceTree = "<group>"; };
		CB80E1952A36EE3500E58C21 /* IssueManagment.xcdatamodel */ = {isa = PBXFileReference; lastKnownFileType = wrapper.xcdatamodel; path = IssueManagment.xcdatamodel; sourceTree = "<group>"; };
		CB80E19B2A36EE3600E58C21 /* IssueManagmentTests.xctest */ = {isa = PBXFileReference; explicitFileType = wrapper.cfbundle; includeInIndex = 0; path = IssueManagmentTests.xctest; sourceTree = BUILT_PRODUCTS_DIR; };
		CB80E19F2A36EE3600E58C21 /* IssueManagmentTests.swift */ = {isa = PBXFileReference; lastKnownFileType = sourcecode.swift; path = IssueManagmentTests.swift; sourceTree = "<group>"; };
		CB80E1A52A36EE3600E58C21 /* IssueManagmentUITests.xctest */ = {isa = PBXFileReference; explicitFileType = wrapper.cfbundle; includeInIndex = 0; path = IssueManagmentUITests.xctest; sourceTree = BUILT_PRODUCTS_DIR; };
		CB80E1A92A36EE3600E58C21 /* IssueManagmentUITests.swift */ = {isa = PBXFileReference; lastKnownFileType = sourcecode.swift; path = IssueManagmentUITests.swift; sourceTree = "<group>"; };
		CB80E1AB2A36EE3600E58C21 /* IssueManagmentUITestsLaunchTests.swift */ = {isa = PBXFileReference; lastKnownFileType = sourcecode.swift; path = IssueManagmentUITestsLaunchTests.swift; sourceTree = "<group>"; };
		CB84932F2A3AD83F007C2A2E /* IEntity+CoreDataClass.swift */ = {isa = PBXFileReference; lastKnownFileType = sourcecode.swift; path = "IEntity+CoreDataClass.swift"; sourceTree = "<group>"; };
		CB8493302A3AD83F007C2A2E /* IEntity+CoreDataProperties.swift */ = {isa = PBXFileReference; lastKnownFileType = sourcecode.swift; path = "IEntity+CoreDataProperties.swift"; sourceTree = "<group>"; };
		CB8493352A3B3BB7007C2A2E /* UsersEntity+CoreDataClass.swift */ = {isa = PBXFileReference; lastKnownFileType = sourcecode.swift; path = "UsersEntity+CoreDataClass.swift"; sourceTree = "<group>"; };
		CB8493362A3B3BB7007C2A2E /* UsersEntity+CoreDataProperties.swift */ = {isa = PBXFileReference; lastKnownFileType = sourcecode.swift; path = "UsersEntity+CoreDataProperties.swift"; sourceTree = "<group>"; };
		CB84933C2A3B49EA007C2A2E /* si-LK */ = {isa = PBXFileReference; lastKnownFileType = text.plist.strings; name = "si-LK"; path = "si-LK.lproj/Localizable.strings"; sourceTree = "<group>"; };
		CB84933E2A3B49ED007C2A2E /* en */ = {isa = PBXFileReference; lastKnownFileType = text.plist.strings; name = en; path = en.lproj/Localizable.strings; sourceTree = "<group>"; };
/* End PBXFileReference section */

/* Begin PBXFrameworksBuildPhase section */
		CB80E1832A36EE2F00E58C21 /* Frameworks */ = {
			isa = PBXFrameworksBuildPhase;
			buildActionMask = 2147483647;
			files = (
			);
			runOnlyForDeploymentPostprocessing = 0;
		};
		CB80E1982A36EE3600E58C21 /* Frameworks */ = {
			isa = PBXFrameworksBuildPhase;
			buildActionMask = 2147483647;
			files = (
			);
			runOnlyForDeploymentPostprocessing = 0;
		};
		CB80E1A22A36EE3600E58C21 /* Frameworks */ = {
			isa = PBXFrameworksBuildPhase;
			buildActionMask = 2147483647;
			files = (
			);
			runOnlyForDeploymentPostprocessing = 0;
		};
/* End PBXFrameworksBuildPhase section */

/* Begin PBXGroup section */
		CB80E17D2A36EE2F00E58C21 = {
			isa = PBXGroup;
			children = (
				CB8493352A3B3BB7007C2A2E /* UsersEntity+CoreDataClass.swift */,
				CB8493362A3B3BB7007C2A2E /* UsersEntity+CoreDataProperties.swift */,
				CB84932F2A3AD83F007C2A2E /* IEntity+CoreDataClass.swift */,
				CB8493302A3AD83F007C2A2E /* IEntity+CoreDataProperties.swift */,
				CB80E1882A36EE2F00E58C21 /* IssueManagment */,
				CB80E19E2A36EE3600E58C21 /* IssueManagmentTests */,
				CB80E1A82A36EE3600E58C21 /* IssueManagmentUITests */,
				CB80E1872A36EE2F00E58C21 /* Products */,
			);
			sourceTree = "<group>";
		};
		CB80E1872A36EE2F00E58C21 /* Products */ = {
			isa = PBXGroup;
			children = (
				CB80E1862A36EE2F00E58C21 /* IssueManagment.app */,
				CB80E19B2A36EE3600E58C21 /* IssueManagmentTests.xctest */,
				CB80E1A52A36EE3600E58C21 /* IssueManagmentUITests.xctest */,
			);
			name = Products;
			sourceTree = "<group>";
		};
		CB80E1882A36EE2F00E58C21 /* IssueManagment */ = {
			isa = PBXGroup;
			children = (
				CB84933D2A3B49EA007C2A2E /* Localizable.strings */,
				CB80E1892A36EE2F00E58C21 /* IssueManagmentApp.swift */,
				CB80E18B2A36EE2F00E58C21 /* ContentView.swift */,
				CB80E18D2A36EE3500E58C21 /* Assets.xcassets */,
				CB80E1922A36EE3500E58C21 /* Persistence.swift */,
				CB80E1942A36EE3500E58C21 /* IssueManagment.xcdatamodeld */,
				CB80E18F2A36EE3500E58C21 /* Preview Content */,
			);
			path = IssueManagment;
			sourceTree = "<group>";
		};
		CB80E18F2A36EE3500E58C21 /* Preview Content */ = {
			isa = PBXGroup;
			children = (
				CB80E1902A36EE3500E58C21 /* Preview Assets.xcassets */,
			);
			path = "Preview Content";
			sourceTree = "<group>";
		};
		CB80E19E2A36EE3600E58C21 /* IssueManagmentTests */ = {
			isa = PBXGroup;
			children = (
				CB80E19F2A36EE3600E58C21 /* IssueManagmentTests.swift */,
			);
			path = IssueManagmentTests;
			sourceTree = "<group>";
		};
		CB80E1A82A36EE3600E58C21 /* IssueManagmentUITests */ = {
			isa = PBXGroup;
			children = (
				CB80E1A92A36EE3600E58C21 /* IssueManagmentUITests.swift */,
				CB80E1AB2A36EE3600E58C21 /* IssueManagmentUITestsLaunchTests.swift */,
			);
			path = IssueManagmentUITests;
			sourceTree = "<group>";
		};
/* End PBXGroup section */

/* Begin PBXNativeTarget section */
		CB80E1852A36EE2F00E58C21 /* IssueManagment */ = {
			isa = PBXNativeTarget;
			buildConfigurationList = CB80E1AF2A36EE3600E58C21 /* Build configuration list for PBXNativeTarget "IssueManagment" */;
			buildPhases = (
				CB80E1822A36EE2F00E58C21 /* Sources */,
				CB80E1832A36EE2F00E58C21 /* Frameworks */,
				CB80E1842A36EE2F00E58C21 /* Resources */,
			);
			buildRules = (
			);
			dependencies = (
			);
			name = IssueManagment;
			productName = IssueManagment;
			productReference = CB80E1862A36EE2F00E58C21 /* IssueManagment.app */;
			productType = "com.apple.product-type.application";
		};
		CB80E19A2A36EE3600E58C21 /* IssueManagmentTests */ = {
			isa = PBXNativeTarget;
			buildConfigurationList = CB80E1B22A36EE3600E58C21 /* Build configuration list for PBXNativeTarget "IssueManagmentTests" */;
			buildPhases = (
				CB80E1972A36EE3600E58C21 /* Sources */,
				CB80E1982A36EE3600E58C21 /* Frameworks */,
				CB80E1992A36EE3600E58C21 /* Resources */,
			);
			buildRules = (
			);
			dependencies = (
				CB80E19D2A36EE3600E58C21 /* PBXTargetDependency */,
			);
			name = IssueManagmentTests;
			productName = IssueManagmentTests;
			productReference = CB80E19B2A36EE3600E58C21 /* IssueManagmentTests.xctest */;
			productType = "com.apple.product-type.bundle.unit-test";
		};
		CB80E1A42A36EE3600E58C21 /* IssueManagmentUITests */ = {
			isa = PBXNativeTarget;
			buildConfigurationList = CB80E1B52A36EE3600E58C21 /* Build configuration list for PBXNativeTarget "IssueManagmentUITests" */;
			buildPhases = (
				CB80E1A12A36EE3600E58C21 /* Sources */,
				CB80E1A22A36EE3600E58C21 /* Frameworks */,
				CB80E1A32A36EE3600E58C21 /* Resources */,
			);
			buildRules = (
			);
			dependencies = (
				CB80E1A72A36EE3600E58C21 /* PBXTargetDependency */,
			);
			name = IssueManagmentUITests;
			productName = IssueManagmentUITests;
			productReference = CB80E1A52A36EE3600E58C21 /* IssueManagmentUITests.xctest */;
			productType = "com.apple.product-type.bundle.ui-testing";
		};
/* End PBXNativeTarget section */

/* Begin PBXProject section */
		CB80E17E2A36EE2F00E58C21 /* Project object */ = {
			isa = PBXProject;
			attributes = {
				BuildIndependentTargetsInParallel = 1;
				LastSwiftUpdateCheck = 1420;
				LastUpgradeCheck = 1420;
				TargetAttributes = {
					CB80E1852A36EE2F00E58C21 = {
						CreatedOnToolsVersion = 14.2;
					};
					CB80E19A2A36EE3600E58C21 = {
						CreatedOnToolsVersion = 14.2;
						TestTargetID = CB80E1852A36EE2F00E58C21;
					};
					CB80E1A42A36EE3600E58C21 = {
						CreatedOnToolsVersion = 14.2;
						TestTargetID = CB80E1852A36EE2F00E58C21;
					};
				};
			};
			buildConfigurationList = CB80E1812A36EE2F00E58C21 /* Build configuration list for PBXProject "IssueManagment" */;
			compatibilityVersion = "Xcode 14.0";
			developmentRegion = en;
			hasScannedForEncodings = 0;
			knownRegions = (
				en,
				Base,
				"si-LK",
			);
			mainGroup = CB80E17D2A36EE2F00E58C21;
			productRefGroup = CB80E1872A36EE2F00E58C21 /* Products */;
			projectDirPath = "";
			projectRoot = "";
			targets = (
				CB80E1852A36EE2F00E58C21 /* IssueManagment */,
				CB80E19A2A36EE3600E58C21 /* IssueManagmentTests */,
				CB80E1A42A36EE3600E58C21 /* IssueManagmentUITests */,
			);
		};
/* End PBXProject section */

/* Begin PBXResourcesBuildPhase section */
		CB80E1842A36EE2F00E58C21 /* Resources */ = {
			isa = PBXResourcesBuildPhase;
			buildActionMask = 2147483647;
			files = (
				CB80E1912A36EE3500E58C21 /* Preview Assets.xcassets in Resources */,
				CB84933B2A3B49EA007C2A2E /* Localizable.strings in Resources */,
				CB80E18E2A36EE3500E58C21 /* Assets.xcassets in Resources */,
			);
			runOnlyForDeploymentPostprocessing = 0;
		};
		CB80E1992A36EE3600E58C21 /* Resources */ = {
			isa = PBXResourcesBuildPhase;
			buildActionMask = 2147483647;
			files = (
			);
			runOnlyForDeploymentPostprocessing = 0;
		};
		CB80E1A32A36EE3600E58C21 /* Resources */ = {
			isa = PBXResourcesBuildPhase;
			buildActionMask = 2147483647;
			files = (
			);
			runOnlyForDeploymentPostprocessing = 0;
		};
/* End PBXResourcesBuildPhase section */

/* Begin PBXSourcesBuildPhase section */
		CB80E1822A36EE2F00E58C21 /* Sources */ = {
			isa = PBXSourcesBuildPhase;
			buildActionMask = 2147483647;
			files = (
				CB8493382A3B3BB7007C2A2E /* UsersEntity+CoreDataProperties.swift in Sources */,
				CB8493332A3AD83F007C2A2E /* IEntity+CoreDataClass.swift in Sources */,
				CB80E1962A36EE3500E58C21 /* IssueManagment.xcdatamodeld in Sources */,
				CB80E1932A36EE3500E58C21 /* Persistence.swift in Sources */,
				CB80E18C2A36EE2F00E58C21 /* ContentView.swift in Sources */,
				CB8493372A3B3BB7007C2A2E /* UsersEntity+CoreDataClass.swift in Sources */,
				CB8493342A3AD83F007C2A2E /* IEntity+CoreDataProperties.swift in Sources */,
				CB80E18A2A36EE2F00E58C21 /* IssueManagmentApp.swift in Sources */,
			);
			runOnlyForDeploymentPostprocessing = 0;
		};
		CB80E1972A36EE3600E58C21 /* Sources */ = {
			isa = PBXSourcesBuildPhase;
			buildActionMask = 2147483647;
			files = (
				CB80E1A02A36EE3600E58C21 /* IssueManagmentTests.swift in Sources */,
			);
			runOnlyForDeploymentPostprocessing = 0;
		};
		CB80E1A12A36EE3600E58C21 /* Sources */ = {
			isa = PBXSourcesBuildPhase;
			buildActionMask = 2147483647;
			files = (
				CB80E1AA2A36EE3600E58C21 /* IssueManagmentUITests.swift in Sources */,
				CB80E1AC2A36EE3600E58C21 /* IssueManagmentUITestsLaunchTests.swift in Sources */,
			);
			runOnlyForDeploymentPostprocessing = 0;
		};
/* End PBXSourcesBuildPhase section */

/* Begin PBXTargetDependency section */
		CB80E19D2A36EE3600E58C21 /* PBXTargetDependency */ = {
			isa = PBXTargetDependency;
			target = CB80E1852A36EE2F00E58C21 /* IssueManagment */;
			targetProxy = CB80E19C2A36EE3600E58C21 /* PBXContainerItemProxy */;
		};
		CB80E1A72A36EE3600E58C21 /* PBXTargetDependency */ = {
			isa = PBXTargetDependency;
			target = CB80E1852A36EE2F00E58C21 /* IssueManagment */;
			targetProxy = CB80E1A62A36EE3600E58C21 /* PBXContainerItemProxy */;
		};
/* End PBXTargetDependency section */

/* Begin PBXVariantGroup section */
		CB84933D2A3B49EA007C2A2E /* Localizable.strings */ = {
			isa = PBXVariantGroup;
			children = (
				CB84933C2A3B49EA007C2A2E /* si-LK */,
				CB84933E2A3B49ED007C2A2E /* en */,
			);
			name = Localizable.strings;
			sourceTree = "<group>";
		};
/* End PBXVariantGroup section */

/* Begin XCBuildConfiguration section */
		CB80E1AD2A36EE3600E58C21 /* Debug */ = {
			isa = XCBuildConfiguration;
			buildSettings = {
				ALWAYS_SEARCH_USER_PATHS = NO;
				CLANG_ANALYZER_NONNULL = YES;
				CLANG_ANALYZER_NUMBER_OBJECT_CONVERSION = YES_AGGRESSIVE;
				CLANG_CXX_LANGUAGE_STANDARD = "gnu++20";
				CLANG_ENABLE_MODULES = YES;
				CLANG_ENABLE_OBJC_ARC = YES;
				CLANG_ENABLE_OBJC_WEAK = YES;
				CLANG_WARN_BLOCK_CAPTURE_AUTORELEASING = YES;
				CLANG_WARN_BOOL_CONVERSION = YES;
				CLANG_WARN_COMMA = YES;
				CLANG_WARN_CONSTANT_CONVERSION = YES;
				CLANG_WARN_DEPRECATED_OBJC_IMPLEMENTATIONS = YES;
				CLANG_WARN_DIRECT_OBJC_ISA_USAGE = YES_ERROR;
				CLANG_WARN_DOCUMENTATION_COMMENTS = YES;
				CLANG_WARN_EMPTY_BODY = YES;
				CLANG_WARN_ENUM_CONVERSION = YES;
				CLANG_WARN_INFINITE_RECURSION = YES;
				CLANG_WARN_INT_CONVERSION = YES;
				CLANG_WARN_NON_LITERAL_NULL_CONVERSION = YES;
				CLANG_WARN_OBJC_IMPLICIT_RETAIN_SELF = YES;
				CLANG_WARN_OBJC_LITERAL_CONVERSION = YES;
				CLANG_WARN_OBJC_ROOT_CLASS = YES_ERROR;
				CLANG_WARN_QUOTED_INCLUDE_IN_FRAMEWORK_HEADER = YES;
				CLANG_WARN_RANGE_LOOP_ANALYSIS = YES;
				CLANG_WARN_STRICT_PROTOTYPES = YES;
				CLANG_WARN_SUSPICIOUS_MOVE = YES;
				CLANG_WARN_UNGUARDED_AVAILABILITY = YES_AGGRESSIVE;
				CLANG_WARN_UNREACHABLE_CODE = YES;
				CLANG_WARN__DUPLICATE_METHOD_MATCH = YES;
				COPY_PHASE_STRIP = NO;
				DEBUG_INFORMATION_FORMAT = dwarf;
				ENABLE_STRICT_OBJC_MSGSEND = YES;
				ENABLE_TESTABILITY = YES;
				GCC_C_LANGUAGE_STANDARD = gnu11;
				GCC_DYNAMIC_NO_PIC = NO;
				GCC_NO_COMMON_BLOCKS = YES;
				GCC_OPTIMIZATION_LEVEL = 0;
				GCC_PREPROCESSOR_DEFINITIONS = (
					"DEBUG=1",
					"$(inherited)",
				);
				GCC_WARN_64_TO_32_BIT_CONVERSION = YES;
				GCC_WARN_ABOUT_RETURN_TYPE = YES_ERROR;
				GCC_WARN_UNDECLARED_SELECTOR = YES;
				GCC_WARN_UNINITIALIZED_AUTOS = YES_AGGRESSIVE;
				GCC_WARN_UNUSED_FUNCTION = YES;
				GCC_WARN_UNUSED_VARIABLE = YES;
				IPHONEOS_DEPLOYMENT_TARGET = 16.2;
				MTL_ENABLE_DEBUG_INFO = INCLUDE_SOURCE;
				MTL_FAST_MATH = YES;
				ONLY_ACTIVE_ARCH = YES;
				SDKROOT = iphoneos;
				SWIFT_ACTIVE_COMPILATION_CONDITIONS = DEBUG;
				SWIFT_OPTIMIZATION_LEVEL = "-Onone";
			};
			name = Debug;
		};
		CB80E1AE2A36EE3600E58C21 /* Release */ = {
			isa = XCBuildConfiguration;
			buildSettings = {
				ALWAYS_SEARCH_USER_PATHS = NO;
				CLANG_ANALYZER_NONNULL = YES;
				CLANG_ANALYZER_NUMBER_OBJECT_CONVERSION = YES_AGGRESSIVE;
				CLANG_CXX_LANGUAGE_STANDARD = "gnu++20";
				CLANG_ENABLE_MODULES = YES;
				CLANG_ENABLE_OBJC_ARC = YES;
				CLANG_ENABLE_OBJC_WEAK = YES;
				CLANG_WARN_BLOCK_CAPTURE_AUTORELEASING = YES;
				CLANG_WARN_BOOL_CONVERSION = YES;
				CLANG_WARN_COMMA = YES;
				CLANG_WARN_CONSTANT_CONVERSION = YES;
				CLANG_WARN_DEPRECATED_OBJC_IMPLEMENTATIONS = YES;
				CLANG_WARN_DIRECT_OBJC_ISA_USAGE = YES_ERROR;
				CLANG_WARN_DOCUMENTATION_COMMENTS = YES;
				CLANG_WARN_EMPTY_BODY = YES;
				CLANG_WARN_ENUM_CONVERSION = YES;
				CLANG_WARN_INFINITE_RECURSION = YES;
				CLANG_WARN_INT_CONVERSION = YES;
				CLANG_WARN_NON_LITERAL_NULL_CONVERSION = YES;
				CLANG_WARN_OBJC_IMPLICIT_RETAIN_SELF = YES;
				CLANG_WARN_OBJC_LITERAL_CONVERSION = YES;
				CLANG_WARN_OBJC_ROOT_CLASS = YES_ERROR;
				CLANG_WARN_QUOTED_INCLUDE_IN_FRAMEWORK_HEADER = YES;
				CLANG_WARN_RANGE_LOOP_ANALYSIS = YES;
				CLANG_WARN_STRICT_PROTOTYPES = YES;
				CLANG_WARN_SUSPICIOUS_MOVE = YES;
				CLANG_WARN_UNGUARDED_AVAILABILITY = YES_AGGRESSIVE;
				CLANG_WARN_UNREACHABLE_CODE = YES;
				CLANG_WARN__DUPLICATE_METHOD_MATCH = YES;
				COPY_PHASE_STRIP = NO;
				DEBUG_INFORMATION_FORMAT = "dwarf-with-dsym";
				ENABLE_NS_ASSERTIONS = NO;
				ENABLE_STRICT_OBJC_MSGSEND = YES;
				GCC_C_LANGUAGE_STANDARD = gnu11;
				GCC_NO_COMMON_BLOCKS = YES;
				GCC_WARN_64_TO_32_BIT_CONVERSION = YES;
				GCC_WARN_ABOUT_RETURN_TYPE = YES_ERROR;
				GCC_WARN_UNDECLARED_SELECTOR = YES;
				GCC_WARN_UNINITIALIZED_AUTOS = YES_AGGRESSIVE;
				GCC_WARN_UNUSED_FUNCTION = YES;
				GCC_WARN_UNUSED_VARIABLE = YES;
				IPHONEOS_DEPLOYMENT_TARGET = 16.2;
				MTL_ENABLE_DEBUG_INFO = NO;
				MTL_FAST_MATH = YES;
				SDKROOT = iphoneos;
				SWIFT_COMPILATION_MODE = wholemodule;
				SWIFT_OPTIMIZATION_LEVEL = "-O";
				VALIDATE_PRODUCT = YES;
			};
			name = Release;
		};
		CB80E1B02A36EE3600E58C21 /* Debug */ = {
			isa = XCBuildConfiguration;
			buildSettings = {
				ASSETCATALOG_COMPILER_APPICON_NAME = AppIcon;
				ASSETCATALOG_COMPILER_GLOBAL_ACCENT_COLOR_NAME = AccentColor;
				CODE_SIGN_STYLE = Automatic;
				CURRENT_PROJECT_VERSION = 1;
				DEVELOPMENT_ASSET_PATHS = "\"IssueManagment/Preview Content\"";
				DEVELOPMENT_TEAM = C25485G2UG;
				ENABLE_PREVIEWS = YES;
				GENERATE_INFOPLIST_FILE = YES;
				INFOPLIST_KEY_UIApplicationSceneManifest_Generation = YES;
				INFOPLIST_KEY_UIApplicationSupportsIndirectInputEvents = YES;
				INFOPLIST_KEY_UILaunchScreen_Generation = YES;
				INFOPLIST_KEY_UISupportedInterfaceOrientations_iPad = "UIInterfaceOrientationPortrait UIInterfaceOrientationPortraitUpsideDown UIInterfaceOrientationLandscapeLeft UIInterfaceOrientationLandscapeRight";
				INFOPLIST_KEY_UISupportedInterfaceOrientations_iPhone = "UIInterfaceOrientationPortrait UIInterfaceOrientationLandscapeLeft UIInterfaceOrientationLandscapeRight";
				LD_RUNPATH_SEARCH_PATHS = (
					"$(inherited)",
					"@executable_path/Frameworks",
				);
				MARKETING_VERSION = 1.0;
				PRODUCT_BUNDLE_IDENTIFIER = com.SLIIT.Xcode.IssueManagment;
				PRODUCT_NAME = "$(TARGET_NAME)";
				SWIFT_EMIT_LOC_STRINGS = YES;
				SWIFT_VERSION = 5.0;
				TARGETED_DEVICE_FAMILY = "1,2";
			};
			name = Debug;
		};
		CB80E1B12A36EE3600E58C21 /* Release */ = {
			isa = XCBuildConfiguration;
			buildSettings = {
				ASSETCATALOG_COMPILER_APPICON_NAME = AppIcon;
				ASSETCATALOG_COMPILER_GLOBAL_ACCENT_COLOR_NAME = AccentColor;
				CODE_SIGN_STYLE = Automatic;
				CURRENT_PROJECT_VERSION = 1;
				DEVELOPMENT_ASSET_PATHS = "\"IssueManagment/Preview Content\"";
				DEVELOPMENT_TEAM = C25485G2UG;
				ENABLE_PREVIEWS = YES;
				GENERATE_INFOPLIST_FILE = YES;
				INFOPLIST_KEY_UIApplicationSceneManifest_Generation = YES;
				INFOPLIST_KEY_UIApplicationSupportsIndirectInputEvents = YES;
				INFOPLIST_KEY_UILaunchScreen_Generation = YES;
				INFOPLIST_KEY_UISupportedInterfaceOrientations_iPad = "UIInterfaceOrientationPortrait UIInterfaceOrientationPortraitUpsideDown UIInterfaceOrientationLandscapeLeft UIInterfaceOrientationLandscapeRight";
				INFOPLIST_KEY_UISupportedInterfaceOrientations_iPhone = "UIInterfaceOrientationPortrait UIInterfaceOrientationLandscapeLeft UIInterfaceOrientationLandscapeRight";
				LD_RUNPATH_SEARCH_PATHS = (
					"$(inherited)",
					"@executable_path/Frameworks",
				);
				MARKETING_VERSION = 1.0;
				PRODUCT_BUNDLE_IDENTIFIER = com.SLIIT.Xcode.IssueManagment;
				PRODUCT_NAME = "$(TARGET_NAME)";
				SWIFT_EMIT_LOC_STRINGS = YES;
				SWIFT_VERSION = 5.0;
				TARGETED_DEVICE_FAMILY = "1,2";
			};
			name = Release;
		};
		CB80E1B32A36EE3600E58C21 /* Debug */ = {
			isa = XCBuildConfiguration;
			buildSettings = {
				ALWAYS_EMBED_SWIFT_STANDARD_LIBRARIES = YES;
				BUNDLE_LOADER = "$(TEST_HOST)";
				CODE_SIGN_STYLE = Automatic;
				CURRENT_PROJECT_VERSION = 1;
				DEVELOPMENT_TEAM = C25485G2UG;
				GENERATE_INFOPLIST_FILE = YES;
				IPHONEOS_DEPLOYMENT_TARGET = 16.2;
				MARKETING_VERSION = 1.0;
				PRODUCT_BUNDLE_IDENTIFIER = com.SLIIT.Xcode.IssueManagmentTests;
				PRODUCT_NAME = "$(TARGET_NAME)";
				SWIFT_EMIT_LOC_STRINGS = NO;
				SWIFT_VERSION = 5.0;
				TARGETED_DEVICE_FAMILY = "1,2";
				TEST_HOST = "$(BUILT_PRODUCTS_DIR)/IssueManagment.app/$(BUNDLE_EXECUTABLE_FOLDER_PATH)/IssueManagment";
			};
			name = Debug;
		};
		CB80E1B42A36EE3600E58C21 /* Release */ = {
			isa = XCBuildConfiguration;
			buildSettings = {
				ALWAYS_EMBED_SWIFT_STANDARD_LIBRARIES = YES;
				BUNDLE_LOADER = "$(TEST_HOST)";
				CODE_SIGN_STYLE = Automatic;
				CURRENT_PROJECT_VERSION = 1;
				DEVELOPMENT_TEAM = C25485G2UG;
				GENERATE_INFOPLIST_FILE = YES;
				IPHONEOS_DEPLOYMENT_TARGET = 16.2;
				MARKETING_VERSION = 1.0;
				PRODUCT_BUNDLE_IDENTIFIER = com.SLIIT.Xcode.IssueManagmentTests;
				PRODUCT_NAME = "$(TARGET_NAME)";
				SWIFT_EMIT_LOC_STRINGS = NO;
				SWIFT_VERSION = 5.0;
				TARGETED_DEVICE_FAMILY = "1,2";
				TEST_HOST = "$(BUILT_PRODUCTS_DIR)/IssueManagment.app/$(BUNDLE_EXECUTABLE_FOLDER_PATH)/IssueManagment";
			};
			name = Release;
		};
		CB80E1B62A36EE3600E58C21 /* Debug */ = {
			isa = XCBuildConfiguration;
			buildSettings = {
				ALWAYS_EMBED_SWIFT_STANDARD_LIBRARIES = YES;
				CODE_SIGN_STYLE = Automatic;
				CURRENT_PROJECT_VERSION = 1;
				DEVELOPMENT_TEAM = C25485G2UG;
				GENERATE_INFOPLIST_FILE = YES;
				MARKETING_VERSION = 1.0;
				PRODUCT_BUNDLE_IDENTIFIER = com.SLIIT.Xcode.IssueManagmentUITests;
				PRODUCT_NAME = "$(TARGET_NAME)";
				SWIFT_EMIT_LOC_STRINGS = NO;
				SWIFT_VERSION = 5.0;
				TARGETED_DEVICE_FAMILY = "1,2";
				TEST_TARGET_NAME = IssueManagment;
			};
			name = Debug;
		};
		CB80E1B72A36EE3600E58C21 /* Release */ = {
			isa = XCBuildConfiguration;
			buildSettings = {
				ALWAYS_EMBED_SWIFT_STANDARD_LIBRARIES = YES;
				CODE_SIGN_STYLE = Automatic;
				CURRENT_PROJECT_VERSION = 1;
				DEVELOPMENT_TEAM = C25485G2UG;
				GENERATE_INFOPLIST_FILE = YES;
				MARKETING_VERSION = 1.0;
				PRODUCT_BUNDLE_IDENTIFIER = com.SLIIT.Xcode.IssueManagmentUITests;
				PRODUCT_NAME = "$(TARGET_NAME)";
				SWIFT_EMIT_LOC_STRINGS = NO;
				SWIFT_VERSION = 5.0;
				TARGETED_DEVICE_FAMILY = "1,2";
				TEST_TARGET_NAME = IssueManagment;
			};
			name = Release;
		};
/* End XCBuildConfiguration section */

/* Begin XCConfigurationList section */
		CB80E1812A36EE2F00E58C21 /* Build configuration list for PBXProject "IssueManagment" */ = {
			isa = XCConfigurationList;
			buildConfigurations = (
				CB80E1AD2A36EE3600E58C21 /* Debug */,
				CB80E1AE2A36EE3600E58C21 /* Release */,
			);
			defaultConfigurationIsVisible = 0;
			defaultConfigurationName = Release;
		};
		CB80E1AF2A36EE3600E58C21 /* Build configuration list for PBXNativeTarget "IssueManagment" */ = {
			isa = XCConfigurationList;
			buildConfigurations = (
				CB80E1B02A36EE3600E58C21 /* Debug */,
				CB80E1B12A36EE3600E58C21 /* Release */,
			);
			defaultConfigurationIsVisible = 0;
			defaultConfigurationName = Release;
		};
		CB80E1B22A36EE3600E58C21 /* Build configuration list for PBXNativeTarget "IssueManagmentTests" */ = {
			isa = XCConfigurationList;
			buildConfigurations = (
				CB80E1B32A36EE3600E58C21 /* Debug */,
				CB80E1B42A36EE3600E58C21 /* Release */,
			);
			defaultConfigurationIsVisible = 0;
			defaultConfigurationName = Release;
		};
		CB80E1B52A36EE3600E58C21 /* Build configuration list for PBXNativeTarget "IssueManagmentUITests" */ = {
			isa = XCConfigurationList;
			buildConfigurations = (
				CB80E1B62A36EE3600E58C21 /* Debug */,
				CB80E1B72A36EE3600E58C21 /* Release */,
			);
			defaultConfigurationIsVisible = 0;
			defaultConfigurationName = Release;
		};
/* End XCConfigurationList section */

/* Begin XCVersionGroup section */
		CB80E1942A36EE3500E58C21 /* IssueManagment.xcdatamodeld */ = {
			isa = XCVersionGroup;
			children = (
				CB80E1952A36EE3500E58C21 /* IssueManagment.xcdatamodel */,
			);
			currentVersion = CB80E1952A36EE3500E58C21 /* IssueManagment.xcdatamodel */;
			path = IssueManagment.xcdatamodeld;
			sourceTree = "<group>";
			versionGroupType = wrapper.xcdatamodel;
		};
/* End XCVersionGroup section */
	};
	rootObject = CB80E17E2A36EE2F00E58C21 /* Project object */;
}
